
Microsoft Visual Studio Solution File, Format Version 12.00
# Visual Studio Version 17
VisualStudioVersion = 17.8.34525.116
MinimumVisualStudioVersion = 10.0.40219.1
Project("{9A19103F-16F7-4668-BE54-9A1E7A4F7556}") = "SPORTLIGHTS_SERVER", "SportLights_Keith.Server\SPORTLIGHTS_SERVER.csproj", "{320F65BA-5D5A-439D-BBD9-96E7D64AED18}"
EndProject
Project("{54A90642-561A-4BB1-A94E-469ADEE60C69}") = "SPORTLIGHTS_CLIENT", "sportlights_keith.client\SPORTLIGHTS_CLIENT.esproj", "{2841C338-4087-4C64-BD6C-87D3AA9B64B0}"
EndProject
Project("{2150E333-8FDC-42A3-9474-1A3956D46DE8}") = "Solution Items", "Solution Items", "{4F7432C8-CE42-48DF-ABCE-8D1C8894733C}"
	ProjectSection(SolutionItems) = preProject
		.editorconfig = .editorconfig
	EndProjectSection
EndProject
Global
	GlobalSection(SolutionConfigurationPlatforms) = preSolution
		Debug|Any CPU = Debug|Any CPU
		Release|Any CPU = Release|Any CPU
	EndGlobalSection
	GlobalSection(ProjectConfigurationPlatforms) = postSolution
		{320F65BA-5D5A-439D-BBD9-96E7D64AED18}.Debug|Any CPU.ActiveCfg = Debug|Any CPU
		{320F65BA-5D5A-439D-BBD9-96E7D64AED18}.Debug|Any CPU.Build.0 = Debug|Any CPU
		{320F65BA-5D5A-439D-BBD9-96E7D64AED18}.Release|Any CPU.ActiveCfg = Release|Any CPU
		{320F65BA-5D5A-439D-BBD9-96E7D64AED18}.Release|Any CPU.Build.0 = Release|Any CPU
		{2841C338-4087-4C64-BD6C-87D3AA9B64B0}.Debug|Any CPU.ActiveCfg = Debug|Any CPU
		{2841C338-4087-4C64-BD6C-87D3AA9B64B0}.Debug|Any CPU.Build.0 = Debug|Any CPU
		{2841C338-4087-4C64-BD6C-87D3AA9B64B0}.Debug|Any CPU.Deploy.0 = Debug|Any CPU
		{2841C338-4087-4C64-BD6C-87D3AA9B64B0}.Release|Any CPU.ActiveCfg = Release|Any CPU
		{2841C338-4087-4C64-BD6C-87D3AA9B64B0}.Release|Any CPU.Build.0 = Release|Any CPU
		{2841C338-4087-4C64-BD6C-87D3AA9B64B0}.Release|Any CPU.Deploy.0 = Release|Any CPU
	EndGlobalSection
	GlobalSection(SolutionProperties) = preSolution
		HideSolutionNode = FALSE
	EndGlobalSection
	GlobalSection(ExtensibilityGlobals) = postSolution
		SolutionGuid = {3623FB20-3998-4330-B64F-9153486CE64C}
	EndGlobalSection
EndGlobal
